
Microsoft Visual Studio Solution File, Format Version 12.00
# Visual Studio 15
VisualStudioVersion = 15.0.35431.46
MinimumVisualStudioVersion = 10.0.40219.1
Project("{FAE04EC0-301F-11D3-BF4B-00C04F79EFBC}") = "E137138_Programming", "E137138_Programming\E137138_Programming.csproj", "{6A0A5E59-C6CD-455E-982B-BE75ED9F48B8}"
EndProject
Global
	GlobalSection(SolutionConfigurationPlatforms) = preSolution
		Debug|Any CPU = Debug|Any CPU
		Release|Any CPU = Release|Any CPU
	EndGlobalSection
	GlobalSection(ProjectConfigurationPlatforms) = postSolution
		{6A0A5E59-C6CD-455E-982B-BE75ED9F48B8}.Debug|Any CPU.ActiveCfg = Debug|Any CPU
		{6A0A5E59-C6CD-455E-982B-BE75ED9F48B8}.Debug|Any CPU.Build.0 = Debug|Any CPU
		{6A0A5E59-C6CD-455E-982B-BE75ED9F48B8}.Release|Any CPU.ActiveCfg = Release|Any CPU
		{6A0A5E59-C6CD-455E-982B-BE75ED9F48B8}.Release|Any CPU.Build.0 = Release|Any CPU
	EndGlobalSection
	GlobalSection(SolutionProperties) = preSolution
		HideSolutionNode = FALSE
	EndGlobalSection
	GlobalSection(ExtensibilityGlobals) = postSolution
		SolutionGuid = {F9E64D8A-1CA7-443E-A17B-8B96D61C0C65}
	EndGlobalSection
EndGlobal
